
Microsoft Visual Studio Solution File, Format Version 12.00
# Visual Studio Version 16
VisualStudioVersion = 16.0.30002.166
MinimumVisualStudioVersion = 10.0.40219.1
Project("{FAE04EC0-301F-11D3-BF4B-00C04F79EFBC}") = "Streaming", "Streaming\Streaming.csproj", "{22B630FA-DA31-420D-BAB6-F1721219F9CE}"
EndProject
Global
	GlobalSection(SolutionConfigurationPlatforms) = preSolution
		Debug|Any CPU = Debug|Any CPU
		Release|Any CPU = Release|Any CPU
	EndGlobalSection
	GlobalSection(ProjectConfigurationPlatforms) = postSolution
		{22B630FA-DA31-420D-BAB6-F1721219F9CE}.Debug|Any CPU.ActiveCfg = Debug|Any CPU
		{22B630FA-DA31-420D-BAB6-F1721219F9CE}.Debug|Any CPU.Build.0 = Debug|Any CPU
		{22B630FA-DA31-420D-BAB6-F1721219F9CE}.Release|Any CPU.ActiveCfg = Release|Any CPU
		{22B630FA-DA31-420D-BAB6-F1721219F9CE}.Release|Any CPU.Build.0 = Release|Any CPU
	EndGlobalSection
	GlobalSection(SolutionProperties) = preSolution
		HideSolutionNode = FALSE
	EndGlobalSection
	GlobalSection(ExtensibilityGlobals) = postSolution
		SolutionGuid = {EDC9FB69-6B14-4ED0-BAA3-904664052BAE}
	EndGlobalSection
EndGlobal
